# This file was autogenerated by Stack.
# You should not edit this file by hand.
# For more information, please see the documentation at:
#   https://docs.haskellstack.org/en/stable/lock_files

packages:
- completed:
    hackage: resource-pool-0.3.1.0@sha256:dbaadfcc3c1be5391336e2016b28bb2d0c534f245ba9f5af5ed1d5125afc8c1a,1280
    pantry-tree:
      sha256: e2fc51ec2b5a126caab04688b40ec64fd6f7e3d9251e947a87c5ce3a6bc447bc
      size: 406
  original:
    hackage: resource-pool-0.3.1.0@sha256:dbaadfcc3c1be5391336e2016b28bb2d0c534f245ba9f5af5ed1d5125afc8c1a,1280
snapshots:
- completed:
    sha256: 03cec7d96ed78877b03b5c2bc5e31015b47f69af2fe6a62d994a42b7a43c5805
    size: 648659
    url: https://raw.githubusercontent.com/commercialhaskell/stackage-snapshots/master/lts/20/3.yaml
  original:
    url: https://raw.githubusercontent.com/commercialhaskell/stackage-snapshots/master/lts/20/3.yaml
